github.com/arnodel/grammar v0.0.0-20211020120546-c163f230a972 h1:U74CKyyx01+TbM0vd85QEec332g6xz0deVUD2DHJ9FQ=
github.com/arnodel/grammar v0.0.0-20211020120546-c163f230a972/go.mod h1:AGts2EYJ2mFxv69ntiJGTJBZrW+SxyvCsSRwihu8h0E=
github.com/arnodel/grammar v0.0.0-20240601212908-82a3dd51c305 h1:n41EYvNM3FOzPPrdZvjzp9ty6o4JjkT2OAe40Ilxp30=
github.com/arnodel/grammar v0.0.0-20240601212908-82a3dd51c305/go.mod h1:AGts2EYJ2mFxv69ntiJGTJBZrW+SxyvCsSRwihu8h0E=
github.com/mattn/go-runewidth v0.0.3/go.mod h1:LwmH8dsx7+W8Uxz3IHJYH5QSwggIsqBzpuz5H//U1FU=
github.com/mattn/go-runewidth v0.0.13 h1:lTGmDsbAYt5DmK6OnoV7EuIF1wEIFAcxld6ypU4OSgU=
github.com/mattn/go-runewidth v0.0.13/go.mod h1:Jdepj2loyihRzMpdS35Xk/zdY8IAYHsh153qUoGf23w=
github.com/mattn/go-runewidth v0.0.15 h1:UNAjwbU9l54TA3KzvqLGxwWjHmMgBUVhBiTjelZgg3U=
github.com/mattn/go-runewidth v0.0.15/go.mod h1:Jdepj2loyihRzMpdS35Xk/zdY8IAYHsh153qUoGf23w=
github.com/peterh/liner v1.2.1 h1:O4BlKaq/LWu6VRWmol4ByWfzx6MfXc5Op5HETyIy5yg=
github.com/peterh/liner v1.2.1/go.mod h1:CRroGNssyjTd/qIG2FyxByd2S8JEAZXBl4qUrZf8GS0=
github.com/peterh/liner v1.2.2 h1:aJ4AOodmL+JxOZZEL2u9iJf8omNRpqHc/EbrK+3mAXw=
github.com/peterh/liner v1.2.2/go.mod h1:xFwJyiKIXJZUKItq5dGHZSTBRAuG/CpeNpWLyiNRNwI=
github.com/rivo/uniseg v0.2.0 h1:S1pD9weZBuJdFmowNwbpi7BJ8TNftyUImj/0WQi72jY=
github.com/rivo/uniseg v0.2.0/go.mod h1:J6wj4VEh+S6ZtnVlnTBMWIodfgj8LQOQFoIToxlJtxc=
github.com/rivo/uniseg v0.4.7 h1:WUdvkW8uEhrYfLC4ZzdpI2ztxP1I582+49Oc5Mq64VQ=
github.com/rivo/uniseg v0.4.7/go.mod h1:FN3SvrM+Zdj16jyLfmOkMNblXMcoc8DfTHruCPUcx88=
golang.org/x/sys v0.0.0-20211117180635-dee7805ff2e1 h1:kwrAHlwJ0DUBZwQ238v+Uod/3eZ8B2K5rYsUHBQvzmI=
golang.org/x/sys v0.0.0-20211117180635-dee7805ff2e1/go.mod h1:oPkhp1MJrh7nUepCBck5+mAzfO9JrbApNNgaTdGDITg=
golang.org/x/sys v0.20.0 h1:Od9JTbYCk261bKm4M/mw7AklTlFYIa0bIp9BgSm1S8Y=
golang.org/x/sys v0.20.0/go.mod h1:/VUhepiaJMQUp4+oa/7Zr1D23ma6VTLIYjOOTFZPUcA=
